
Microsoft Visual Studio Solution File, Format Version 12.00
# Visual Studio 15
VisualStudioVersion = 15.0.26730.15
MinimumVisualStudioVersion = 10.0.40219.1
Project("{FAE04EC0-301F-11D3-BF4B-00C04F79EFBC}") = "week 7 lab", "week 7 lab\week 7 lab.csproj", "{3F579E65-7F50-4665-8BBB-E27DB974D38C}"
EndProject
Global
	GlobalSection(SolutionConfigurationPlatforms) = preSolution
		Debug|Any CPU = Debug|Any CPU
		Release|Any CPU = Release|Any CPU
	EndGlobalSection
	GlobalSection(ProjectConfigurationPlatforms) = postSolution
		{3F579E65-7F50-4665-8BBB-E27DB974D38C}.Debug|Any CPU.ActiveCfg = Debug|Any CPU
		{3F579E65-7F50-4665-8BBB-E27DB974D38C}.Debug|Any CPU.Build.0 = Debug|Any CPU
		{3F579E65-7F50-4665-8BBB-E27DB974D38C}.Release|Any CPU.ActiveCfg = Release|Any CPU
		{3F579E65-7F50-4665-8BBB-E27DB974D38C}.Release|Any CPU.Build.0 = Release|Any CPU
	EndGlobalSection
	GlobalSection(SolutionProperties) = preSolution
		HideSolutionNode = FALSE
	EndGlobalSection
	GlobalSection(ExtensibilityGlobals) = postSolution
		SolutionGuid = {C79B4357-6A31-41D1-BDA1-0B308FA16CF8}
	EndGlobalSection
EndGlobal
